
Microsoft Visual Studio Solution File, Format Version 12.00
# Visual Studio Version 17
VisualStudioVersion = 17.5.002.0
MinimumVisualStudioVersion = 10.0.40219.1
Project("{2150E333-8FDC-42A3-9474-1A3956D46DE8}") = "azure-cosmos-db", "azure-cosmos-db", "{3A083D7D-F249-468B-AFC2-70C7AD0A1E68}"
EndProject
Project("{9A19103F-16F7-4668-BE54-9A1E7A4F7556}") = "az204-cosmos", "azure-cosmos-db\az204-cosmos\az204-cosmos.csproj", "{57CFDAC1-264A-4236-8E17-206151927C4A}"
EndProject
Project("{2150E333-8FDC-42A3-9474-1A3956D46DE8}") = "azure-functions", "azure-functions", "{84299B65-AD9A-4863-9986-3E02AFCA2A29}"
EndProject
Project("{2150E333-8FDC-42A3-9474-1A3956D46DE8}") = "dotnet", "dotnet", "{D8F00D87-418E-4488-88BB-404DFD1C9F0A}"
EndProject
Project("{9A19103F-16F7-4668-BE54-9A1E7A4F7556}") = "demo-azure-vscode", "azure-functions\dotnet\demo-azure-vscode\demo-azure-vscode.csproj", "{D6DD6332-69BF-4AC8-8237-38AB816FA46C}"
EndProject
Project("{2150E333-8FDC-42A3-9474-1A3956D46DE8}") = "demo-azure-vscode (1)", "demo-azure-vscode", "{5411CC0B-25E7-4B53-8320-7A81E6363867}"
EndProject
Project("{2150E333-8FDC-42A3-9474-1A3956D46DE8}") = "obj", "obj", "{F297C8A1-2300-4165-9FC9-E3836F849B14}"
EndProject
Project("{2150E333-8FDC-42A3-9474-1A3956D46DE8}") = "Release", "Release", "{6E54EBA3-4225-42C6-8892-D560D2F20774}"
EndProject
Project("{2150E333-8FDC-42A3-9474-1A3956D46DE8}") = "net8.0", "net8.0", "{ACA704D8-2FE9-458B-B520-02957ADD42F9}"
EndProject
Project("{9A19103F-16F7-4668-BE54-9A1E7A4F7556}") = "WorkerExtensions", "azure-functions\dotnet\demo-azure-vscode\obj\Release\net8.0\WorkerExtensions\WorkerExtensions.csproj", "{B58DA189-DD23-414F-B399-ADD7686249AC}"
EndProject
Project("{2150E333-8FDC-42A3-9474-1A3956D46DE8}") = "Debug", "Debug", "{69B1320E-A9F1-44AE-B8FA-3B70273467C8}"
EndProject
Project("{2150E333-8FDC-42A3-9474-1A3956D46DE8}") = "net8.0", "net8.0", "{805CEC27-81F8-45AB-8716-9A5663871DAB}"
EndProject
Project("{9A19103F-16F7-4668-BE54-9A1E7A4F7556}") = "WorkerExtensions", "azure-functions\dotnet\demo-azure-vscode\obj\Debug\net8.0\WorkerExtensions\WorkerExtensions.csproj", "{CD79E0BF-8F2F-40A4-8103-A1860FA20BC3}"
EndProject
Global
	GlobalSection(SolutionConfigurationPlatforms) = preSolution
		Debug|Any CPU = Debug|Any CPU
		Release|Any CPU = Release|Any CPU
	EndGlobalSection
	GlobalSection(ProjectConfigurationPlatforms) = postSolution
		{57CFDAC1-264A-4236-8E17-206151927C4A}.Debug|Any CPU.ActiveCfg = Debug|Any CPU
		{57CFDAC1-264A-4236-8E17-206151927C4A}.Debug|Any CPU.Build.0 = Debug|Any CPU
		{57CFDAC1-264A-4236-8E17-206151927C4A}.Release|Any CPU.ActiveCfg = Release|Any CPU
		{57CFDAC1-264A-4236-8E17-206151927C4A}.Release|Any CPU.Build.0 = Release|Any CPU
		{D6DD6332-69BF-4AC8-8237-38AB816FA46C}.Debug|Any CPU.ActiveCfg = Debug|Any CPU
		{D6DD6332-69BF-4AC8-8237-38AB816FA46C}.Debug|Any CPU.Build.0 = Debug|Any CPU
		{D6DD6332-69BF-4AC8-8237-38AB816FA46C}.Release|Any CPU.ActiveCfg = Release|Any CPU
		{D6DD6332-69BF-4AC8-8237-38AB816FA46C}.Release|Any CPU.Build.0 = Release|Any CPU
		{B58DA189-DD23-414F-B399-ADD7686249AC}.Debug|Any CPU.ActiveCfg = Debug|Any CPU
		{B58DA189-DD23-414F-B399-ADD7686249AC}.Debug|Any CPU.Build.0 = Debug|Any CPU
		{B58DA189-DD23-414F-B399-ADD7686249AC}.Release|Any CPU.ActiveCfg = Release|Any CPU
		{B58DA189-DD23-414F-B399-ADD7686249AC}.Release|Any CPU.Build.0 = Release|Any CPU
		{CD79E0BF-8F2F-40A4-8103-A1860FA20BC3}.Debug|Any CPU.ActiveCfg = Debug|Any CPU
		{CD79E0BF-8F2F-40A4-8103-A1860FA20BC3}.Debug|Any CPU.Build.0 = Debug|Any CPU
		{CD79E0BF-8F2F-40A4-8103-A1860FA20BC3}.Release|Any CPU.ActiveCfg = Release|Any CPU
		{CD79E0BF-8F2F-40A4-8103-A1860FA20BC3}.Release|Any CPU.Build.0 = Release|Any CPU
	EndGlobalSection
	GlobalSection(SolutionProperties) = preSolution
		HideSolutionNode = FALSE
	EndGlobalSection
	GlobalSection(NestedProjects) = preSolution
		{57CFDAC1-264A-4236-8E17-206151927C4A} = {3A083D7D-F249-468B-AFC2-70C7AD0A1E68}
		{D8F00D87-418E-4488-88BB-404DFD1C9F0A} = {84299B65-AD9A-4863-9986-3E02AFCA2A29}
		{D6DD6332-69BF-4AC8-8237-38AB816FA46C} = {D8F00D87-418E-4488-88BB-404DFD1C9F0A}
		{5411CC0B-25E7-4B53-8320-7A81E6363867} = {D8F00D87-418E-4488-88BB-404DFD1C9F0A}
		{F297C8A1-2300-4165-9FC9-E3836F849B14} = {5411CC0B-25E7-4B53-8320-7A81E6363867}
		{6E54EBA3-4225-42C6-8892-D560D2F20774} = {F297C8A1-2300-4165-9FC9-E3836F849B14}
		{ACA704D8-2FE9-458B-B520-02957ADD42F9} = {6E54EBA3-4225-42C6-8892-D560D2F20774}
		{B58DA189-DD23-414F-B399-ADD7686249AC} = {ACA704D8-2FE9-458B-B520-02957ADD42F9}
		{69B1320E-A9F1-44AE-B8FA-3B70273467C8} = {F297C8A1-2300-4165-9FC9-E3836F849B14}
		{805CEC27-81F8-45AB-8716-9A5663871DAB} = {69B1320E-A9F1-44AE-B8FA-3B70273467C8}
		{CD79E0BF-8F2F-40A4-8103-A1860FA20BC3} = {805CEC27-81F8-45AB-8716-9A5663871DAB}
	EndGlobalSection
	GlobalSection(ExtensibilityGlobals) = postSolution
		SolutionGuid = {A2B27B40-0B54-4B91-A554-DB015D991FA7}
	EndGlobalSection
EndGlobal
