
Microsoft Visual Studio Solution File, Format Version 12.00
# Visual Studio Version 17
VisualStudioVersion = 17.5.002.0
MinimumVisualStudioVersion = 10.0.40219.1
Project("{2150E333-8FDC-42A3-9474-1A3956D46DE8}") = "azure-cosmos-db", "azure-cosmos-db", "{25B69F4A-B4DC-43A7-99EF-5361859341A6}"
EndProject
Project("{9A19103F-16F7-4668-BE54-9A1E7A4F7556}") = "az204-cosmos", "azure-cosmos-db\az204-cosmos\az204-cosmos.csproj", "{10FDC523-5D66-4F0F-AAF9-F997812C3D1F}"
EndProject
Project("{2150E333-8FDC-42A3-9474-1A3956D46DE8}") = "azure-functions", "azure-functions", "{E6903A75-D69A-4E72-9D13-6621DF51B0EC}"
EndProject
Project("{2150E333-8FDC-42A3-9474-1A3956D46DE8}") = "dotnet", "dotnet", "{7201EB7B-6005-4E94-91F9-CEFAA3545C97}"
EndProject
Project("{9A19103F-16F7-4668-BE54-9A1E7A4F7556}") = "demo-azure-vscode", "azure-functions\dotnet\demo-azure-vscode\demo-azure-vscode.csproj", "{24E4781B-43F5-4D2F-A9C3-357A483F8491}"
EndProject
Project("{2150E333-8FDC-42A3-9474-1A3956D46DE8}") = "demo-azure-vscode (1)", "demo-azure-vscode", "{82AE6EFF-23E4-4A22-8293-11E7FB0CA2BF}"
EndProject
Project("{2150E333-8FDC-42A3-9474-1A3956D46DE8}") = "obj", "obj", "{1FBC374B-F561-46AB-8B7D-04625C9F0207}"
EndProject
Project("{2150E333-8FDC-42A3-9474-1A3956D46DE8}") = "Release", "Release", "{4E27D870-1CE7-4695-9A7A-6520FBC532E2}"
EndProject
Project("{2150E333-8FDC-42A3-9474-1A3956D46DE8}") = "net8.0", "net8.0", "{7675D676-97D3-4F0D-A70E-0170C89DE1BC}"
EndProject
Project("{9A19103F-16F7-4668-BE54-9A1E7A4F7556}") = "WorkerExtensions", "azure-functions\dotnet\demo-azure-vscode\obj\Release\net8.0\WorkerExtensions\WorkerExtensions.csproj", "{B92A423A-194A-492C-B75E-1B7DA89BC649}"
EndProject
Project("{2150E333-8FDC-42A3-9474-1A3956D46DE8}") = "Debug", "Debug", "{463F2952-997B-4539-A213-1A89676BB114}"
EndProject
Project("{2150E333-8FDC-42A3-9474-1A3956D46DE8}") = "net8.0", "net8.0", "{D0149E72-CBD9-463F-828F-785EF40BA996}"
EndProject
Project("{9A19103F-16F7-4668-BE54-9A1E7A4F7556}") = "WorkerExtensions", "azure-functions\dotnet\demo-azure-vscode\obj\Debug\net8.0\WorkerExtensions\WorkerExtensions.csproj", "{CEBCF03C-08D5-4AB9-AF20-F5942D471BE8}"
EndProject
Global
	GlobalSection(SolutionConfigurationPlatforms) = preSolution
		Debug|Any CPU = Debug|Any CPU
		Release|Any CPU = Release|Any CPU
	EndGlobalSection
	GlobalSection(ProjectConfigurationPlatforms) = postSolution
		{10FDC523-5D66-4F0F-AAF9-F997812C3D1F}.Debug|Any CPU.ActiveCfg = Debug|Any CPU
		{10FDC523-5D66-4F0F-AAF9-F997812C3D1F}.Debug|Any CPU.Build.0 = Debug|Any CPU
		{10FDC523-5D66-4F0F-AAF9-F997812C3D1F}.Release|Any CPU.ActiveCfg = Release|Any CPU
		{10FDC523-5D66-4F0F-AAF9-F997812C3D1F}.Release|Any CPU.Build.0 = Release|Any CPU
		{24E4781B-43F5-4D2F-A9C3-357A483F8491}.Debug|Any CPU.ActiveCfg = Debug|Any CPU
		{24E4781B-43F5-4D2F-A9C3-357A483F8491}.Debug|Any CPU.Build.0 = Debug|Any CPU
		{24E4781B-43F5-4D2F-A9C3-357A483F8491}.Release|Any CPU.ActiveCfg = Release|Any CPU
		{24E4781B-43F5-4D2F-A9C3-357A483F8491}.Release|Any CPU.Build.0 = Release|Any CPU
		{B92A423A-194A-492C-B75E-1B7DA89BC649}.Debug|Any CPU.ActiveCfg = Debug|Any CPU
		{B92A423A-194A-492C-B75E-1B7DA89BC649}.Debug|Any CPU.Build.0 = Debug|Any CPU
		{B92A423A-194A-492C-B75E-1B7DA89BC649}.Release|Any CPU.ActiveCfg = Release|Any CPU
		{B92A423A-194A-492C-B75E-1B7DA89BC649}.Release|Any CPU.Build.0 = Release|Any CPU
		{CEBCF03C-08D5-4AB9-AF20-F5942D471BE8}.Debug|Any CPU.ActiveCfg = Debug|Any CPU
		{CEBCF03C-08D5-4AB9-AF20-F5942D471BE8}.Debug|Any CPU.Build.0 = Debug|Any CPU
		{CEBCF03C-08D5-4AB9-AF20-F5942D471BE8}.Release|Any CPU.ActiveCfg = Release|Any CPU
		{CEBCF03C-08D5-4AB9-AF20-F5942D471BE8}.Release|Any CPU.Build.0 = Release|Any CPU
	EndGlobalSection
	GlobalSection(SolutionProperties) = preSolution
		HideSolutionNode = FALSE
	EndGlobalSection
	GlobalSection(NestedProjects) = preSolution
		{10FDC523-5D66-4F0F-AAF9-F997812C3D1F} = {25B69F4A-B4DC-43A7-99EF-5361859341A6}
		{7201EB7B-6005-4E94-91F9-CEFAA3545C97} = {E6903A75-D69A-4E72-9D13-6621DF51B0EC}
		{24E4781B-43F5-4D2F-A9C3-357A483F8491} = {7201EB7B-6005-4E94-91F9-CEFAA3545C97}
		{82AE6EFF-23E4-4A22-8293-11E7FB0CA2BF} = {7201EB7B-6005-4E94-91F9-CEFAA3545C97}
		{1FBC374B-F561-46AB-8B7D-04625C9F0207} = {82AE6EFF-23E4-4A22-8293-11E7FB0CA2BF}
		{4E27D870-1CE7-4695-9A7A-6520FBC532E2} = {1FBC374B-F561-46AB-8B7D-04625C9F0207}
		{7675D676-97D3-4F0D-A70E-0170C89DE1BC} = {4E27D870-1CE7-4695-9A7A-6520FBC532E2}
		{B92A423A-194A-492C-B75E-1B7DA89BC649} = {7675D676-97D3-4F0D-A70E-0170C89DE1BC}
		{463F2952-997B-4539-A213-1A89676BB114} = {1FBC374B-F561-46AB-8B7D-04625C9F0207}
		{D0149E72-CBD9-463F-828F-785EF40BA996} = {463F2952-997B-4539-A213-1A89676BB114}
		{CEBCF03C-08D5-4AB9-AF20-F5942D471BE8} = {D0149E72-CBD9-463F-828F-785EF40BA996}
	EndGlobalSection
	GlobalSection(ExtensibilityGlobals) = postSolution
		SolutionGuid = {A2B27B40-0B54-4B91-A554-DB015D991FA7}
	EndGlobalSection
EndGlobal
